
Microsoft Visual Studio Solution File, Format Version 12.00
# Visual Studio 15
VisualStudioVersion = 15.0.27703.2042
MinimumVisualStudioVersion = 10.0.40219.1
Project("{FAE04EC0-301F-11D3-BF4B-00C04F79EFBC}") = "DependencyInjection", "DependencyInjection\DependencyInjection.csproj", "{6C0CFA2E-5EFF-4002-AB7C-1A856CC7D1C5}"
EndProject
Project("{FAE04EC0-301F-11D3-BF4B-00C04F79EFBC}") = "UnityIoCContainerDependencyInjection", "UnityIoCContainerDependencyInjection\UnityIoCContainerDependencyInjection.csproj", "{68211501-DE2D-4EA2-8595-919380B05C2B}"
EndProject
Global
	GlobalSection(SolutionConfigurationPlatforms) = preSolution
		Debug|Any CPU = Debug|Any CPU
		Release|Any CPU = Release|Any CPU
	EndGlobalSection
	GlobalSection(ProjectConfigurationPlatforms) = postSolution
		{6C0CFA2E-5EFF-4002-AB7C-1A856CC7D1C5}.Debug|Any CPU.ActiveCfg = Debug|Any CPU
		{6C0CFA2E-5EFF-4002-AB7C-1A856CC7D1C5}.Debug|Any CPU.Build.0 = Debug|Any CPU
		{6C0CFA2E-5EFF-4002-AB7C-1A856CC7D1C5}.Release|Any CPU.ActiveCfg = Release|Any CPU
		{6C0CFA2E-5EFF-4002-AB7C-1A856CC7D1C5}.Release|Any CPU.Build.0 = Release|Any CPU
		{68211501-DE2D-4EA2-8595-919380B05C2B}.Debug|Any CPU.ActiveCfg = Debug|Any CPU
		{68211501-DE2D-4EA2-8595-919380B05C2B}.Debug|Any CPU.Build.0 = Debug|Any CPU
		{68211501-DE2D-4EA2-8595-919380B05C2B}.Release|Any CPU.ActiveCfg = Release|Any CPU
		{68211501-DE2D-4EA2-8595-919380B05C2B}.Release|Any CPU.Build.0 = Release|Any CPU
	EndGlobalSection
	GlobalSection(SolutionProperties) = preSolution
		HideSolutionNode = FALSE
	EndGlobalSection
	GlobalSection(ExtensibilityGlobals) = postSolution
		SolutionGuid = {EB82C0F8-C4FD-43C3-95CD-57EEA4EF34A9}
	EndGlobalSection
	GlobalSection(TeamFoundationVersionControl) = preSolution
		SccNumberOfProjects = 3
		SccEnterpriseProvider = {4CA58AB2-18FA-4F8D-95D4-32DDF27D184C}
		SccTeamFoundationServer = https://learn-ms.visualstudio.com/
		SccLocalPath0 = .
		SccProjectUniqueName1 = DependencyInjection\\DependencyInjection.csproj
		SccProjectName1 = DependencyInjection
		SccLocalPath1 = DependencyInjection
		SccProjectUniqueName2 = UnityIoCContainerDependencyInjection\\UnityIoCContainerDependencyInjection.csproj
		SccProjectName2 = UnityIoCContainerDependencyInjection
		SccLocalPath2 = UnityIoCContainerDependencyInjection
	EndGlobalSection
EndGlobal
